<?xml version="1.0" encoding="UTF-8" standalone="yes" ?>
<CodeBlocks_project_file>
	<FileVersion major="1" minor="6" />
	<Project>
		<Option title="polycur" />
		<Option pch_mode="2" />
		<Option compiler="gcc" />
		<Build>
			<Target title="Debug">
				<Option output="bin/Debug/polycur" prefix_auto="1" extension_auto="1" />
				<Option object_output="obj/Debug/" />
				<Option type="1" />
				<Option compiler="gcc" />
				<Compiler>
					<Add option="-g" />
					<Add option="-DGLEW_STATIC" />
				</Compiler>
				<Linker>
					<Add library="libglfw3" />
					<Add library="libglew32" />
					<Add library="libopengl32" />
					<Add library="libgdi32" />
				</Linker>
			</Target>
			<Target title="Release">
				<Option output="bin/Release/polycur" prefix_auto="1" extension_auto="1" />
				<Option object_output="obj/Release/" />
				<Option type="1" />
				<Option compiler="gcc" />
				<Compiler>
					<Add option="-O2" />
				</Compiler>
				<Linker>
					<Add option="-s" />
				</Linker>
			</Target>
		</Build>
		<Compiler>
			<Add option="-Wall" />
			<Add option="-std=c++11" />
			<Add directory="include" />
		</Compiler>
		<Linker>
			<Add directory="lib" />
		</Linker>
		<Unit filename="about.txt" />
		<Unit filename="frag" />
		<Unit filename="include/shader.hpp" />
		<Unit filename="include/tgaimage.h" />
		<Unit filename="main.cpp" />
		<Unit filename="polycur.cbp" />
		<Unit filename="shader.cpp" />
		<Unit filename="tgaimage.cpp" />
		<Unit filename="vert" />
		<Extensions>
			<code_completion />
			<envvars />
			<debugger />
			<lib_finder disable_auto="1" />
		</Extensions>
	</Project>
</CodeBlocks_project_file>
